
Microsoft Visual Studio Solution File, Format Version 12.00
# Visual Studio Version 17
VisualStudioVersion = 17.0.31903.59
MinimumVisualStudioVersion = 10.0.40219.1
Project("{9A19103F-16F7-4668-BE54-9A1E7A4F7556}") = "VirtualChannelSDK", "VirtualChannelSDK\VirtualChannelSDK.csproj", "{82F49C6E-C4F3-4C06-A953-23D94FCAA98D}"
EndProject
Project("{FAE04EC0-301F-11D3-BF4B-00C04F79EFBC}") = "VirtualChannelTestApp", "VirtualChannelTestApp\VirtualChannelTestApp.csproj", "{E98A1706-77A0-461D-9CD0-EA0A9F201C81}"
EndProject
Global
	GlobalSection(SolutionConfigurationPlatforms) = preSolution
		Debug|Any CPU = Debug|Any CPU
		Release|Any CPU = Release|Any CPU
	EndGlobalSection
	GlobalSection(ProjectConfigurationPlatforms) = postSolution
		{82F49C6E-C4F3-4C06-A953-23D94FCAA98D}.Debug|Any CPU.ActiveCfg = Debug|Any CPU
		{82F49C6E-C4F3-4C06-A953-23D94FCAA98D}.Debug|Any CPU.Build.0 = Debug|Any CPU
		{82F49C6E-C4F3-4C06-A953-23D94FCAA98D}.Release|Any CPU.ActiveCfg = Release|Any CPU
		{82F49C6E-C4F3-4C06-A953-23D94FCAA98D}.Release|Any CPU.Build.0 = Release|Any CPU
		{E98A1706-77A0-461D-9CD0-EA0A9F201C81}.Debug|Any CPU.ActiveCfg = Debug|Any CPU
		{E98A1706-77A0-461D-9CD0-EA0A9F201C81}.Debug|Any CPU.Build.0 = Debug|Any CPU
		{E98A1706-77A0-461D-9CD0-EA0A9F201C81}.Release|Any CPU.ActiveCfg = Release|Any CPU
		{E98A1706-77A0-461D-9CD0-EA0A9F201C81}.Release|Any CPU.Build.0 = Release|Any CPU
	EndGlobalSection
	GlobalSection(SolutionProperties) = preSolution
		HideSolutionNode = FALSE
	EndGlobalSection
	GlobalSection(ExtensibilityGlobals) = postSolution
		SolutionGuid = {F338D31C-E7A4-481A-92BA-DE39DA2CF47C}
	EndGlobalSection
EndGlobal
